{
  "name": "@fixture/npm-workspace",
  "lockfileVersion": 3,
  "requires": true,
  "packages": {
    "": {
      "name": "@fixture/npm-workspace",
      "workspaces": ["packages/*"]
    },
    "node_modules/fixture-pkg": {
      "version": "1.0.0"
    },
    "packages/app": {
      "name": "@fixture/npm-app",
      "dependencies": {
        "fixture-pkg": "1.0.0"
      }
    }
  }
}
